
Microsoft Visual Studio Solution File, Format Version 12.00
# Visual Studio Version 16
VisualStudioVersion = 16.0.30320.27
MinimumVisualStudioVersion = 10.0.40219.1
Project("{FAE04EC0-301F-11D3-BF4B-00C04F79EFBC}") = "Alg", "Alg\Alg.csproj", "{30E65F4E-5E8B-4F8F-B642-7243CA92BFBA}"
EndProject
Global
	GlobalSection(SolutionConfigurationPlatforms) = preSolution
		Debug|Any CPU = Debug|Any CPU
		Release|Any CPU = Release|Any CPU
	EndGlobalSection
	GlobalSection(ProjectConfigurationPlatforms) = postSolution
		{30E65F4E-5E8B-4F8F-B642-7243CA92BFBA}.Debug|Any CPU.ActiveCfg = Debug|Any CPU
		{30E65F4E-5E8B-4F8F-B642-7243CA92BFBA}.Debug|Any CPU.Build.0 = Debug|Any CPU
		{30E65F4E-5E8B-4F8F-B642-7243CA92BFBA}.Release|Any CPU.ActiveCfg = Release|Any CPU
		{30E65F4E-5E8B-4F8F-B642-7243CA92BFBA}.Release|Any CPU.Build.0 = Release|Any CPU
	EndGlobalSection
	GlobalSection(SolutionProperties) = preSolution
		HideSolutionNode = FALSE
	EndGlobalSection
	GlobalSection(ExtensibilityGlobals) = postSolution
		SolutionGuid = {5AE937C3-87D9-419F-BE36-36EB8A83B08E}
	EndGlobalSection
EndGlobal
